{
  "version": 4,
  "terraform_version": "1.8.5",
  "serial": 10,
  "lineage": "55751100-8d8d-6abe-d273-a11548122d47",
  "outputs": {},
  "resources": [
    {
      "mode": "data",
      "type": "tfe_workspace",
      "name": "my_workspace",
      "provider": "provider[\"registry.terraform.io/hashicorp/tfe\"]",
      "instances": [
        {
          "schema_version": 0,
          "attributes": {
            "allow_destroy_plan": true,
            "assessments_enabled": false,
            "auto_apply": false,
            "auto_apply_run_trigger": false,
            "auto_destroy_activity_duration": "",
            "auto_destroy_at": "",
            "description": "",
            "execution_mode": "remote",
            "file_triggers_enabled": true,
            "global_remote_state": false,
            "html_url": "https://app.terraform.io/app/ARS_SecureOps_Org/workspaces/07-tfc-create-dynamic-provider-credential-aws",
            "id": "ws-5PMCu5je6rtHTeRf",
            "name": "07-tfc-create-dynamic-provider-credential-aws",
            "operations": true,
            "organization": "ARS_SecureOps_Org",
            "policy_check_failures": 0,
            "project_id": "prj-L7TUhasyYSHc2Ufk",
            "queue_all_runs": false,
            "remote_state_consumer_ids": [],
            "resource_count": 0,
            "run_failures": 0,
            "runs_count": 0,
            "source_name": "",
            "source_url": "",
            "speculative_enabled": true,
            "ssh_key_id": null,
            "structured_run_output_enabled": true,
            "tag_names": [],
            "terraform_version": "1.10.4",
            "trigger_patterns": [],
            "trigger_prefixes": [],
            "vcs_repo": [
              {
                "branch": "",
                "github_app_installation_id": "",
                "identifier": "koheinhtetaung/ARS_SecureOps_Project",
                "ingress_submodules": false,
                "oauth_token_id": "ot-z4q5PrZTH2bLjFqQ",
                "tags_regex": ""
              }
            ],
            "working_directory": "07-tfc-create-dynamic-provider-credential-aws"
          },
          "sensitive_attributes": []
        }
      ]
    },
    {
      "mode": "managed",
      "type": "tfe_variable",
      "name": "aws_region",
      "provider": "provider[\"registry.terraform.io/hashicorp/tfe\"]",
      "instances": [
        {
          "schema_version": 1,
          "attributes": {
            "category": "env",
            "description": "AWS Default Region",
            "hcl": false,
            "id": "var-rbf1XTFomw5BmXRb",
            "key": "AWS_REGION",
            "readable_value": "ap-southeast-1",
            "sensitive": false,
            "value": "ap-southeast-1",
            "variable_set_id": null,
            "workspace_id": "ws-5PMCu5je6rtHTeRf"
          },
          "sensitive_attributes": [
            [
              {
                "type": "get_attr",
                "value": "value"
              }
            ]
          ],
          "dependencies": [
            "data.tfe_workspace.my_workspace"
          ]
        }
      ]
    },
    {
      "mode": "managed",
      "type": "tfe_variable",
      "name": "enable_aws_provider_auth",
      "provider": "provider[\"registry.terraform.io/hashicorp/tfe\"]",
      "instances": [
        {
          "schema_version": 1,
          "attributes": {
            "category": "env",
            "description": "Enable the Vault Secrets Engine integration for AWS.",
            "hcl": false,
            "id": "var-bMQhHak6cRPKxhG1",
            "key": "TFC_VAULT_BACKED_AWS_AUTH",
            "readable_value": "true",
            "sensitive": false,
            "value": "true",
            "variable_set_id": null,
            "workspace_id": "ws-5PMCu5je6rtHTeRf"
          },
          "sensitive_attributes": [
            [
              {
                "type": "get_attr",
                "value": "value"
              }
            ]
          ],
          "dependencies": [
            "data.tfe_workspace.my_workspace"
          ]
        }
      ]
    },
    {
      "mode": "managed",
      "type": "tfe_variable",
      "name": "enable_vault_provider_auth",
      "provider": "provider[\"registry.terraform.io/hashicorp/tfe\"]",
      "instances": [
        {
          "schema_version": 1,
          "attributes": {
            "category": "env",
            "description": "Enable the Workload Identity integration for Vault.",
            "hcl": false,
            "id": "var-EF8bo62cFJzCSQS5",
            "key": "TFC_VAULT_PROVIDER_AUTH",
            "readable_value": "true",
            "sensitive": false,
            "value": "true",
            "variable_set_id": null,
            "workspace_id": "ws-5PMCu5je6rtHTeRf"
          },
          "sensitive_attributes": [
            [
              {
                "type": "get_attr",
                "value": "value"
              }
            ]
          ],
          "dependencies": [
            "data.tfe_workspace.my_workspace"
          ]
        }
      ]
    },
    {
      "mode": "managed",
      "type": "tfe_variable",
      "name": "tfc_aws_auth_type",
      "provider": "provider[\"registry.terraform.io/hashicorp/tfe\"]",
      "instances": [
        {
          "schema_version": 1,
          "attributes": {
            "category": "env",
            "description": "Auth type used in the AWS Secrets Engine.",
            "hcl": false,
            "id": "var-miD2CsETdnUkVqiP",
            "key": "TFC_VAULT_BACKED_AWS_AUTH_TYPE",
            "readable_value": "iam_user",
            "sensitive": false,
            "value": "iam_user",
            "variable_set_id": null,
            "workspace_id": "ws-5PMCu5je6rtHTeRf"
          },
          "sensitive_attributes": [
            [
              {
                "type": "get_attr",
                "value": "value"
              }
            ]
          ],
          "dependencies": [
            "data.tfe_workspace.my_workspace"
          ]
        }
      ]
    },
    {
      "mode": "managed",
      "type": "tfe_variable",
      "name": "tfc_aws_mount_path",
      "provider": "provider[\"registry.terraform.io/hashicorp/tfe\"]",
      "instances": [
        {
          "schema_version": 1,
          "attributes": {
            "category": "env",
            "description": "Path to where the AWS Secrets Engine is mounted in Vault.",
            "hcl": false,
            "id": "var-jJWpkcjkKavULvsX",
            "key": "TFC_VAULT_BACKED_AWS_MOUNT_PATH",
            "readable_value": "aws-master-account",
            "sensitive": false,
            "value": "aws-master-account",
            "variable_set_id": null,
            "workspace_id": "ws-5PMCu5je6rtHTeRf"
          },
          "sensitive_attributes": [
            [
              {
                "type": "get_attr",
                "value": "value"
              }
            ]
          ],
          "dependencies": [
            "data.tfe_workspace.my_workspace"
          ]
        }
      ]
    },
    {
      "mode": "managed",
      "type": "tfe_variable",
      "name": "tfc_aws_run_vault_role",
      "provider": "provider[\"registry.terraform.io/hashicorp/tfe\"]",
      "instances": [
        {
          "schema_version": 1,
          "attributes": {
            "category": "env",
            "description": "Name of the Role in Vault to assume via the AWS Secrets Engine.",
            "hcl": false,
            "id": "var-o1EjzEGsfSuA8FwW",
            "key": "TFC_VAULT_BACKED_AWS_RUN_VAULT_ROLE",
            "readable_value": "master-iamadmin-role",
            "sensitive": false,
            "value": "master-iamadmin-role",
            "variable_set_id": null,
            "workspace_id": "ws-5PMCu5je6rtHTeRf"
          },
          "sensitive_attributes": [
            [
              {
                "type": "get_attr",
                "value": "value"
              }
            ]
          ],
          "dependencies": [
            "data.tfe_workspace.my_workspace"
          ]
        }
      ]
    },
    {
      "mode": "managed",
      "type": "tfe_variable",
      "name": "tfc_vault_addr",
      "provider": "provider[\"registry.terraform.io/hashicorp/tfe\"]",
      "instances": [
        {
          "schema_version": 1,
          "attributes": {
            "category": "env",
            "description": "The address of the Vault instance runs will access.",
            "hcl": false,
            "id": "var-1hcJ5eWygC6Ygfi8",
            "key": "TFC_VAULT_ADDR",
            "readable_value": null,
            "sensitive": true,
            "value": "https://hcp-vault-cluster-public-vault-802b51b6.81855b6d.z1.hashicorp.cloud:8200",
            "variable_set_id": null,
            "workspace_id": "ws-5PMCu5je6rtHTeRf"
          },
          "sensitive_attributes": [
            [
              {
                "type": "get_attr",
                "value": "value"
              }
            ]
          ],
          "dependencies": [
            "data.tfe_workspace.my_workspace"
          ]
        }
      ]
    },
    {
      "mode": "managed",
      "type": "tfe_variable",
      "name": "tfc_vault_namespace",
      "provider": "provider[\"registry.terraform.io/hashicorp/tfe\"]",
      "instances": [
        {
          "schema_version": 1,
          "attributes": {
            "category": "env",
            "description": "Namespace that contains the AWS Secrets Engine.",
            "hcl": false,
            "id": "var-UjpyBoHdUupbosqY",
            "key": "TFC_VAULT_NAMESPACE",
            "readable_value": "admin",
            "sensitive": false,
            "value": "admin",
            "variable_set_id": null,
            "workspace_id": "ws-5PMCu5je6rtHTeRf"
          },
          "sensitive_attributes": [
            [
              {
                "type": "get_attr",
                "value": "value"
              }
            ]
          ],
          "dependencies": [
            "data.tfe_workspace.my_workspace"
          ]
        }
      ]
    },
    {
      "mode": "managed",
      "type": "tfe_variable",
      "name": "tfc_vault_role",
      "provider": "provider[\"registry.terraform.io/hashicorp/tfe\"]",
      "instances": [
        {
          "schema_version": 1,
          "attributes": {
            "category": "env",
            "description": "The Vault role runs will use to authenticate.",
            "hcl": false,
            "id": "var-5zQgM2dF1g3Ab8Zb",
            "key": "TFC_VAULT_RUN_ROLE",
            "readable_value": "tfc-aws-secret-role",
            "sensitive": false,
            "value": "tfc-aws-secret-role",
            "variable_set_id": null,
            "workspace_id": "ws-5PMCu5je6rtHTeRf"
          },
          "sensitive_attributes": [
            [
              {
                "type": "get_attr",
                "value": "value"
              }
            ]
          ],
          "dependencies": [
            "data.tfe_workspace.my_workspace"
          ]
        }
      ]
    }
  ],
  "check_results": null
}
